// !$*UTF8*$!
{
	archiveVersion = 1;
	classes = {
	};
	objectVersion = 50;
	objects = {

/* Begin PBXBuildFile section */
		CDBB203525C96E9D00C74950 /* AppDelegate.swift in Sources */ = {isa = PBXBuildFile; fileRef = CDBB203425C96E9D00C74950 /* AppDelegate.swift */; };
		CDBB203725C96E9D00C74950 /* SceneDelegate.swift in Sources */ = {isa = PBXBuildFile; fileRef = CDBB203625C96E9D00C74950 /* SceneDelegate.swift */; };
		CDBB203925C96E9D00C74950 /* ViewController.swift in Sources */ = {isa = PBXBuildFile; fileRef = CDBB203825C96E9D00C74950 /* ViewController.swift */; };
		CDBB203C25C96E9D00C74950 /* Main.storyboard in Resources */ = {isa = PBXBuildFile; fileRef = CDBB203A25C96E9D00C74950 /* Main.storyboard */; };
		CDBB203E25C96E9F00C74950 /* Assets.xcassets in Resources */ = {isa = PBXBuildFile; fileRef = CDBB203D25C96E9F00C74950 /* Assets.xcassets */; };
		CDBB204125C96E9F00C74950 /* LaunchScreen.storyboard in Resources */ = {isa = PBXBuildFile; fileRef = CDBB203F25C96E9F00C74950 /* LaunchScreen.storyboard */; };
		CDBB204B25C9734300C74950 /* CheckPermission.swift in Sources */ = {isa = PBXBuildFile; fileRef = CDBB204A25C9734300C74950 /* CheckPermission.swift */; };
/* End PBXBuildFile section */

/* Begin PBXFileReference section */
		CDBB203125C96E9D00C74950 /* Swift6Camera.app */ = {isa = PBXFileReference; explicitFileType = wrapper.application; includeInIndex = 0; path = Swift6Camera.app; sourceTree = BUILT_PRODUCTS_DIR; };
		CDBB203425C96E9D00C74950 /* AppDelegate.swift */ = {isa = PBXFileReference; lastKnownFileType = sourcecode.swift; path = AppDelegate.swift; sourceTree = "<group>"; };
		CDBB203625C96E9D00C74950 /* SceneDelegate.swift */ = {isa = PBXFileReference; lastKnownFileType = sourcecode.swift; path = SceneDelegate.swift; sourceTree = "<group>"; };
		CDBB203825C96E9D00C74950 /* ViewController.swift */ = {isa = PBXFileReference; lastKnownFileType = sourcecode.swift; path = ViewController.swift; sourceTree = "<group>"; };
		CDBB203B25C96E9D00C74950 /* Base */ = {isa = PBXFileReference; lastKnownFileType = file.storyboard; name = Base; path = Base.lproj/Main.storyboard; sourceTree = "<group>"; };
		CDBB203D25C96E9F00C74950 /* Assets.xcassets */ = {isa = PBXFileReference; lastKnownFileType = folder.assetcatalog; path = Assets.xcassets; sourceTree = "<group>"; };
		CDBB204025C96E9F00C74950 /* Base */ = {isa = PBXFileReference; lastKnownFileType = file.storyboard; name = Base; path = Base.lproj/LaunchScreen.storyboard; sourceTree = "<group>"; };
		CDBB204225C96E9F00C74950 /* Info.plist */ = {isa = PBXFileReference; lastKnownFileType = text.plist.xml; path = Info.plist; sourceTree = "<group>"; };
		CDBB204A25C9734300C74950 /* CheckPermission.swift */ = {isa = PBXFileReference; lastKnownFileType = sourcecode.swift; path = CheckPermission.swift; sourceTree = "<group>"; };
/* End PBXFileReference section */

/* Begin PBXFrameworksBuildPhase section */
		CDBB202E25C96E9D00C74950 /* Frameworks */ = {
			isa = PBXFrameworksBuildPhase;
			buildActionMask = 2147483647;
			files = (
			);
			runOnlyForDeploymentPostprocessing = 0;
		};
/* End PBXFrameworksBuildPhase section */

/* Begin PBXGroup section */
		CDBB202825C96E9D00C74950 = {
			isa = PBXGroup;
			children = (
				CDBB203325C96E9D00C74950 /* Swift6Camera */,
				CDBB203225C96E9D00C74950 /* Products */,
			);
			sourceTree = "<group>";
		};
		CDBB203225C96E9D00C74950 /* Products */ = {
			isa = PBXGroup;
			children = (
				CDBB203125C96E9D00C74950 /* Swift6Camera.app */,
			);
			name = Products;
			sourceTree = "<group>";
		};
		CDBB203325C96E9D00C74950 /* Swift6Camera */ = {
			isa = PBXGroup;
			children = (
				CDBB203425C96E9D00C74950 /* AppDelegate.swift */,
				CDBB203625C96E9D00C74950 /* SceneDelegate.swift */,
				CDBB203825C96E9D00C74950 /* ViewController.swift */,
				CDBB204A25C9734300C74950 /* CheckPermission.swift */,
				CDBB203A25C96E9D00C74950 /* Main.storyboard */,
				CDBB203D25C96E9F00C74950 /* Assets.xcassets */,
				CDBB203F25C96E9F00C74950 /* LaunchScreen.storyboard */,
				CDBB204225C96E9F00C74950 /* Info.plist */,
			);
			path = Swift6Camera;
			sourceTree = "<group>";
		};
/* End PBXGroup section */

/* Begin PBXNativeTarget section */
		CDBB203025C96E9D00C74950 /* Swift6Camera */ = {
			isa = PBXNativeTarget;
			buildConfigurationList = CDBB204525C96E9F00C74950 /* Build configuration list for PBXNativeTarget "Swift6Camera" */;
			buildPhases = (
				CDBB202D25C96E9D00C74950 /* Sources */,
				CDBB202E25C96E9D00C74950 /* Frameworks */,
				CDBB202F25C96E9D00C74950 /* Resources */,
			);
			buildRules = (
			);
			dependencies = (
			);
			name = Swift6Camera;
			productName = Swift6Camera;
			productReference = CDBB203125C96E9D00C74950 /* Swift6Camera.app */;
			productType = "com.apple.product-type.application";
		};
/* End PBXNativeTarget section */

/* Begin PBXProject section */
		CDBB202925C96E9D00C74950 /* Project object */ = {
			isa = PBXProject;
			attributes = {
				LastSwiftUpdateCheck = 1230;
				LastUpgradeCheck = 1230;
				TargetAttributes = {
					CDBB203025C96E9D00C74950 = {
						CreatedOnToolsVersion = 12.3;
					};
				};
			};
			buildConfigurationList = CDBB202C25C96E9D00C74950 /* Build configuration list for PBXProject "Swift6Camera" */;
			compatibilityVersion = "Xcode 9.3";
			developmentRegion = en;
			hasScannedForEncodings = 0;
			knownRegions = (
				en,
				Base,
			);
			mainGroup = CDBB202825C96E9D00C74950;
			productRefGroup = CDBB203225C96E9D00C74950 /* Products */;
			projectDirPath = "";
			projectRoot = "";
			targets = (
				CDBB203025C96E9D00C74950 /* Swift6Camera */,
			);
		};
/* End PBXProject section */

/* Begin PBXResourcesBuildPhase section */
		CDBB202F25C96E9D00C74950 /* Resources */ = {
			isa = PBXResourcesBuildPhase;
			buildActionMask = 2147483647;
			files = (
				CDBB204125C96E9F00C74950 /* LaunchScreen.storyboard in Resources */,
				CDBB203E25C96E9F00C74950 /* Assets.xcassets in Resources */,
				CDBB203C25C96E9D00C74950 /* Main.storyboard in Resources */,
			);
			runOnlyForDeploymentPostprocessing = 0;
		};
/* End PBXResourcesBuildPhase section */

/* Begin PBXSourcesBuildPhase section */
		CDBB202D25C96E9D00C74950 /* Sources */ = {
			isa = PBXSourcesBuildPhase;
			buildActionMask = 2147483647;
			files = (
				CDBB203925C96E9D00C74950 /* ViewController.swift in Sources */,
				CDBB203525C96E9D00C74950 /* AppDelegate.swift in Sources */,
				CDBB203725C96E9D00C74950 /* SceneDelegate.swift in Sources */,
				CDBB204B25C9734300C74950 /* CheckPermission.swift in Sources */,
			);
			runOnlyForDeploymentPostprocessing = 0;
		};
/* End PBXSourcesBuildPhase section */

/* Begin PBXVariantGroup section */
		CDBB203A25C96E9D00C74950 /* Main.storyboard */ = {
			isa = PBXVariantGroup;
			children = (
				CDBB203B25C96E9D00C74950 /* Base */,
			);
			name = Main.storyboard;
			sourceTree = "<group>";
		};
		CDBB203F25C96E9F00C74950 /* LaunchScreen.storyboard */ = {
			isa = PBXVariantGroup;
			children = (
				CDBB204025C96E9F00C74950 /* Base */,
			);
			name = LaunchScreen.storyboard;
			sourceTree = "<group>";
		};
/* End PBXVariantGroup section */

/* Begin XCBuildConfiguration section */
		CDBB204325C96E9F00C74950 /* Debug */ = {
			isa = XCBuildConfiguration;
			buildSettings = {
				ALWAYS_SEARCH_USER_PATHS = NO;
				CLANG_ANALYZER_NONNULL = YES;
				CLANG_ANALYZER_NUMBER_OBJECT_CONVERSION = YES_AGGRESSIVE;
				CLANG_CXX_LANGUAGE_STANDARD = "gnu++14";
				CLANG_CXX_LIBRARY = "libc++";
				CLANG_ENABLE_MODULES = YES;
				CLANG_ENABLE_OBJC_ARC = YES;
				CLANG_ENABLE_OBJC_WEAK = YES;
				CLANG_WARN_BLOCK_CAPTURE_AUTORELEASING = YES;
				CLANG_WARN_BOOL_CONVERSION = YES;
				CLANG_WARN_COMMA = YES;
				CLANG_WARN_CONSTANT_CONVERSION = YES;
				CLANG_WARN_DEPRECATED_OBJC_IMPLEMENTATIONS = YES;
				CLANG_WARN_DIRECT_OBJC_ISA_USAGE = YES_ERROR;
				CLANG_WARN_DOCUMENTATION_COMMENTS = YES;
				CLANG_WARN_EMPTY_BODY = YES;
				CLANG_WARN_ENUM_CONVERSION = YES;
				CLANG_WARN_INFINITE_RECURSION = YES;
				CLANG_WARN_INT_CONVERSION = YES;
				CLANG_WARN_NON_LITERAL_NULL_CONVERSION = YES;
				CLANG_WARN_OBJC_IMPLICIT_RETAIN_SELF = YES;
				CLANG_WARN_OBJC_LITERAL_CONVERSION = YES;
				CLANG_WARN_OBJC_ROOT_CLASS = YES_ERROR;
				CLANG_WARN_QUOTED_INCLUDE_IN_FRAMEWORK_HEADER = YES;
				CLANG_WARN_RANGE_LOOP_ANALYSIS = YES;
				CLANG_WARN_STRICT_PROTOTYPES = YES;
				CLANG_WARN_SUSPICIOUS_MOVE = YES;
				CLANG_WARN_UNGUARDED_AVAILABILITY = YES_AGGRESSIVE;
				CLANG_WARN_UNREACHABLE_CODE = YES;
				CLANG_WARN__DUPLICATE_METHOD_MATCH = YES;
				COPY_PHASE_STRIP = NO;
				DEBUG_INFORMATION_FORMAT = dwarf;
				ENABLE_STRICT_OBJC_MSGSEND = YES;
				ENABLE_TESTABILITY = YES;
				GCC_C_LANGUAGE_STANDARD = gnu11;
				GCC_DYNAMIC_NO_PIC = NO;
				GCC_NO_COMMON_BLOCKS = YES;
				GCC_OPTIMIZATION_LEVEL = 0;
				GCC_PREPROCESSOR_DEFINITIONS = (
					"DEBUG=1",
					"$(inherited)",
				);
				GCC_WARN_64_TO_32_BIT_CONVERSION = YES;
				GCC_WARN_ABOUT_RETURN_TYPE = YES_ERROR;
				GCC_WARN_UNDECLARED_SELECTOR = YES;
				GCC_WARN_UNINITIALIZED_AUTOS = YES_AGGRESSIVE;
				GCC_WARN_UNUSED_FUNCTION = YES;
				GCC_WARN_UNUSED_VARIABLE = YES;
				IPHONEOS_DEPLOYMENT_TARGET = 14.3;
				MTL_ENABLE_DEBUG_INFO = INCLUDE_SOURCE;
				MTL_FAST_MATH = YES;
				ONLY_ACTIVE_ARCH = YES;
				SDKROOT = iphoneos;
				SWIFT_ACTIVE_COMPILATION_CONDITIONS = DEBUG;
				SWIFT_OPTIMIZATION_LEVEL = "-Onone";
			};
			name = Debug;
		};
		CDBB204425C96E9F00C74950 /* Release */ = {
			isa = XCBuildConfiguration;
			buildSettings = {
				ALWAYS_SEARCH_USER_PATHS = NO;
				CLANG_ANALYZER_NONNULL = YES;
				CLANG_ANALYZER_NUMBER_OBJECT_CONVERSION = YES_AGGRESSIVE;
				CLANG_CXX_LANGUAGE_STANDARD = "gnu++14";
				CLANG_CXX_LIBRARY = "libc++";
				CLANG_ENABLE_MODULES = YES;
				CLANG_ENABLE_OBJC_ARC = YES;
				CLANG_ENABLE_OBJC_WEAK = YES;
				CLANG_WARN_BLOCK_CAPTURE_AUTORELEASING = YES;
				CLANG_WARN_BOOL_CONVERSION = YES;
				CLANG_WARN_COMMA = YES;
				CLANG_WARN_CONSTANT_CONVERSION = YES;
				CLANG_WARN_DEPRECATED_OBJC_IMPLEMENTATIONS = YES;
				CLANG_WARN_DIRECT_OBJC_ISA_USAGE = YES_ERROR;
				CLANG_WARN_DOCUMENTATION_COMMENTS = YES;
				CLANG_WARN_EMPTY_BODY = YES;
				CLANG_WARN_ENUM_CONVERSION = YES;
				CLANG_WARN_INFINITE_RECURSION = YES;
				CLANG_WARN_INT_CONVERSION = YES;
				CLANG_WARN_NON_LITERAL_NULL_CONVERSION = YES;
				CLANG_WARN_OBJC_IMPLICIT_RETAIN_SELF = YES;
				CLANG_WARN_OBJC_LITERAL_CONVERSION = YES;
				CLANG_WARN_OBJC_ROOT_CLASS = YES_ERROR;
				CLANG_WARN_QUOTED_INCLUDE_IN_FRAMEWORK_HEADER = YES;
				CLANG_WARN_RANGE_LOOP_ANALYSIS = YES;
				CLANG_WARN_STRICT_PROTOTYPES = YES;
				CLANG_WARN_SUSPICIOUS_MOVE = YES;
				CLANG_WARN_UNGUARDED_AVAILABILITY = YES_AGGRESSIVE;
				CLANG_WARN_UNREACHABLE_CODE = YES;
				CLANG_WARN__DUPLICATE_METHOD_MATCH = YES;
				COPY_PHASE_STRIP = NO;
				DEBUG_INFORMATION_FORMAT = "dwarf-with-dsym";
				ENABLE_NS_ASSERTIONS = NO;
				ENABLE_STRICT_OBJC_MSGSEND = YES;
				GCC_C_LANGUAGE_STANDARD = gnu11;
				GCC_NO_COMMON_BLOCKS = YES;
				GCC_WARN_64_TO_32_BIT_CONVERSION = YES;
				GCC_WARN_ABOUT_RETURN_TYPE = YES_ERROR;
				GCC_WARN_UNDECLARED_SELECTOR = YES;
				GCC_WARN_UNINITIALIZED_AUTOS = YES_AGGRESSIVE;
				GCC_WARN_UNUSED_FUNCTION = YES;
				GCC_WARN_UNUSED_VARIABLE = YES;
				IPHONEOS_DEPLOYMENT_TARGET = 14.3;
				MTL_ENABLE_DEBUG_INFO = NO;
				MTL_FAST_MATH = YES;
				SDKROOT = iphoneos;
				SWIFT_COMPILATION_MODE = wholemodule;
				SWIFT_OPTIMIZATION_LEVEL = "-O";
				VALIDATE_PRODUCT = YES;
			};
			name = Release;
		};
		CDBB204625C96E9F00C74950 /* Debug */ = {
			isa = XCBuildConfiguration;
			buildSettings = {
				ASSETCATALOG_COMPILER_APPICON_NAME = AppIcon;
				ASSETCATALOG_COMPILER_GLOBAL_ACCENT_COLOR_NAME = AccentColor;
				CODE_SIGN_STYLE = Automatic;
				DEVELOPMENT_TEAM = 646AKVHD92;
				INFOPLIST_FILE = Swift6Camera/Info.plist;
				LD_RUNPATH_SEARCH_PATHS = (
					"$(inherited)",
					"@executable_path/Frameworks",
				);
				PRODUCT_BUNDLE_IDENTIFIER = com.ryo.Swift6Camera;
				PRODUCT_NAME = "$(TARGET_NAME)";
				SWIFT_VERSION = 5.0;
				TARGETED_DEVICE_FAMILY = 1;
			};
			name = Debug;
		};
		CDBB204725C96E9F00C74950 /* Release */ = {
			isa = XCBuildConfiguration;
			buildSettings = {
				ASSETCATALOG_COMPILER_APPICON_NAME = AppIcon;
				ASSETCATALOG_COMPILER_GLOBAL_ACCENT_COLOR_NAME = AccentColor;
				CODE_SIGN_STYLE = Automatic;
				DEVELOPMENT_TEAM = 646AKVHD92;
				INFOPLIST_FILE = Swift6Camera/Info.plist;
				LD_RUNPATH_SEARCH_PATHS = (
					"$(inherited)",
					"@executable_path/Frameworks",
				);
				PRODUCT_BUNDLE_IDENTIFIER = com.ryo.Swift6Camera;
				PRODUCT_NAME = "$(TARGET_NAME)";
				SWIFT_VERSION = 5.0;
				TARGETED_DEVICE_FAMILY = 1;
			};
			name = Release;
		};
/* End XCBuildConfiguration section */

/* Begin XCConfigurationList section */
		CDBB202C25C96E9D00C74950 /* Build configuration list for PBXProject "Swift6Camera" */ = {
			isa = XCConfigurationList;
			buildConfigurations = (
				CDBB204325C96E9F00C74950 /* Debug */,
				CDBB204425C96E9F00C74950 /* Release */,
			);
			defaultConfigurationIsVisible = 0;
			defaultConfigurationName = Release;
		};
		CDBB204525C96E9F00C74950 /* Build configuration list for PBXNativeTarget "Swift6Camera" */ = {
			isa = XCConfigurationList;
			buildConfigurations = (
				CDBB204625C96E9F00C74950 /* Debug */,
				CDBB204725C96E9F00C74950 /* Release */,
			);
			defaultConfigurationIsVisible = 0;
			defaultConfigurationName = Release;
		};
/* End XCConfigurationList section */
	};
	rootObject = CDBB202925C96E9D00C74950 /* Project object */;
}
